
Microsoft Visual Studio Solution File, Format Version 12.00
# Visual Studio Version 17
VisualStudioVersion = 17.10.35013.160
MinimumVisualStudioVersion = 10.0.40219.1
Project("{8BC9CEB8-8B4A-11D0-8D11-00A0C91BC942}") = "RR", "RR.vcxproj", "{EEFF65F7-5EB4-4DEE-A097-5B217A6901B9}"
EndProject
Global
	GlobalSection(SolutionConfigurationPlatforms) = preSolution
		Debug|x64 = Debug|x64
		Debug|x86 = Debug|x86
		Release|x64 = Release|x64
		Release|x86 = Release|x86
	EndGlobalSection
	GlobalSection(ProjectConfigurationPlatforms) = postSolution
		{EEFF65F7-5EB4-4DEE-A097-5B217A6901B9}.Debug|x64.ActiveCfg = Debug|x64
		{EEFF65F7-5EB4-4DEE-A097-5B217A6901B9}.Debug|x64.Build.0 = Debug|x64
		{EEFF65F7-5EB4-4DEE-A097-5B217A6901B9}.Debug|x86.ActiveCfg = Debug|Win32
		{EEFF65F7-5EB4-4DEE-A097-5B217A6901B9}.Debug|x86.Build.0 = Debug|Win32
		{EEFF65F7-5EB4-4DEE-A097-5B217A6901B9}.Release|x64.ActiveCfg = Release|x64
		{EEFF65F7-5EB4-4DEE-A097-5B217A6901B9}.Release|x64.Build.0 = Release|x64
		{EEFF65F7-5EB4-4DEE-A097-5B217A6901B9}.Release|x86.ActiveCfg = Release|Win32
		{EEFF65F7-5EB4-4DEE-A097-5B217A6901B9}.Release|x86.Build.0 = Release|Win32
	EndGlobalSection
	GlobalSection(SolutionProperties) = preSolution
		HideSolutionNode = FALSE
	EndGlobalSection
	GlobalSection(ExtensibilityGlobals) = postSolution
		SolutionGuid = {BEE62EDF-B920-4AB7-A317-AB5D5FDD00C4}
	EndGlobalSection
EndGlobal
